
Microsoft Visual Studio Solution File, Format Version 12.00
# Visual Studio Version 17
VisualStudioVersion = 17.0.31903.59
MinimumVisualStudioVersion = 10.0.40219.1
Project("{2150E333-8FDC-42A3-9474-1A3956D46DE8}") = "src", "src", "{827E0CD3-B72D-47B6-A68D-7590B98EB39B}"
EndProject
Project("{FAE04EC0-301F-11D3-BF4B-00C04F79EFBC}") = "AntiCheat.Core", "src\AntiCheat.Core\AntiCheat.Core.csproj", "{DE010A18-300D-4C6E-A686-DDC1A4F6C0A1}"
EndProject
Project("{FAE04EC0-301F-11D3-BF4B-00C04F79EFBC}") = "AntiCheat.Persistence", "src\AntiCheat.Persistence\AntiCheat.Persistence.csproj", "{E621CEE5-4519-4B45-88F2-8A017FEE58E8}"
EndProject
Project("{FAE04EC0-301F-11D3-BF4B-00C04F79EFBC}") = "AntiCheat.Progression", "src\AntiCheat.Progression\AntiCheat.Progression.csproj", "{1373349F-3D59-4E8B-BDAE-29BDE19BE585}"
EndProject
Project("{FAE04EC0-301F-11D3-BF4B-00C04F79EFBC}") = "AntiCheat.Plugin.TShock", "src\AntiCheat.Plugin.TShock\AntiCheat.Plugin.TShock.csproj", "{2C791334-AD9C-4A1E-8506-97A713DF2508}"
EndProject
Project("{2150E333-8FDC-42A3-9474-1A3956D46DE8}") = "tests", "tests", "{0AB3BF05-4346-4AA6-1389-037BE0695223}"
EndProject
Project("{FAE04EC0-301F-11D3-BF4B-00C04F79EFBC}") = "AntiCheat.Core.Tests", "tests\AntiCheat.Core.Tests\AntiCheat.Core.Tests.csproj", "{6D64DF62-1AF7-4CD6-922D-7CB49689CDF8}"
EndProject
Project("{FAE04EC0-301F-11D3-BF4B-00C04F79EFBC}") = "AntiCheat.Persistence.Tests", "tests\AntiCheat.Persistence.Tests\AntiCheat.Persistence.Tests.csproj", "{4C06C2BE-8B18-4E2E-AC84-D4E2B0157626}"
EndProject
Project("{FAE04EC0-301F-11D3-BF4B-00C04F79EFBC}") = "AntiCheat.Progression.Tests", "tests\AntiCheat.Progression.Tests\AntiCheat.Progression.Tests.csproj", "{4465CA64-13B3-4A2B-AC02-9D471B9D8D8A}"
EndProject
Project("{FAE04EC0-301F-11D3-BF4B-00C04F79EFBC}") = "AntiCheat.Adapter.Tests", "tests\AntiCheat.Adapter.Tests\AntiCheat.Adapter.Tests.csproj", "{1A501CBD-5FBD-4483-8F61-BB4D0BAEEA6E}"
EndProject
Project("{2150E333-8FDC-42A3-9474-1A3956D46DE8}") = "tools", "tools", "{07C2787E-EAC7-C090-1BA3-A61EC2A24D84}"
EndProject
Project("{FAE04EC0-301F-11D3-BF4B-00C04F79EFBC}") = "AntiCheat.RuleExtraction", "tools\AntiCheat.RuleExtraction\AntiCheat.RuleExtraction.csproj", "{E2CF60A8-CA44-4A68-9D71-6032F81FFACD}"
EndProject
Project("{FAE04EC0-301F-11D3-BF4B-00C04F79EFBC}") = "AntiCheat.RuleExtraction.Tests", "tests\AntiCheat.RuleExtraction.Tests\AntiCheat.RuleExtraction.Tests.csproj", "{44C45A4D-BED0-40D1-8BD0-15EFABDABE5C}"
EndProject
Project("{FAE04EC0-301F-11D3-BF4B-00C04F79EFBC}") = "AntiCheat.Rules", "src\AntiCheat.Rules\AntiCheat.Rules.csproj", "{C5BAF50A-C362-4A65-AE5B-762FB1E7EA96}"
EndProject
Project("{FAE04EC0-301F-11D3-BF4B-00C04F79EFBC}") = "AntiCheat.Rules.Tests", "tests\AntiCheat.Rules.Tests\AntiCheat.Rules.Tests.csproj", "{EA25E369-5F01-4C58-9653-035B7DC9E1C8}"
EndProject
Project("{FAE04EC0-301F-11D3-BF4B-00C04F79EFBC}") = "AntiCheat.FirewallAgent", "tools\AntiCheat.FirewallAgent\AntiCheat.FirewallAgent.csproj", "{C3F9FDD5-4145-4D1C-AA2F-E46C5E3079D3}"
EndProject
Global
	GlobalSection(SolutionConfigurationPlatforms) = preSolution
		Debug|Any CPU = Debug|Any CPU
		Debug|x64 = Debug|x64
		Debug|x86 = Debug|x86
		Release|Any CPU = Release|Any CPU
		Release|x64 = Release|x64
		Release|x86 = Release|x86
	EndGlobalSection
	GlobalSection(ProjectConfigurationPlatforms) = postSolution
		{DE010A18-300D-4C6E-A686-DDC1A4F6C0A1}.Debug|Any CPU.ActiveCfg = Debug|Any CPU
		{DE010A18-300D-4C6E-A686-DDC1A4F6C0A1}.Debug|Any CPU.Build.0 = Debug|Any CPU
		{DE010A18-300D-4C6E-A686-DDC1A4F6C0A1}.Debug|x64.ActiveCfg = Debug|Any CPU
		{DE010A18-300D-4C6E-A686-DDC1A4F6C0A1}.Debug|x64.Build.0 = Debug|Any CPU
		{DE010A18-300D-4C6E-A686-DDC1A4F6C0A1}.Debug|x86.ActiveCfg = Debug|Any CPU
		{DE010A18-300D-4C6E-A686-DDC1A4F6C0A1}.Debug|x86.Build.0 = Debug|Any CPU
		{DE010A18-300D-4C6E-A686-DDC1A4F6C0A1}.Release|Any CPU.ActiveCfg = Release|Any CPU
		{DE010A18-300D-4C6E-A686-DDC1A4F6C0A1}.Release|Any CPU.Build.0 = Release|Any CPU
		{DE010A18-300D-4C6E-A686-DDC1A4F6C0A1}.Release|x64.ActiveCfg = Release|Any CPU
		{DE010A18-300D-4C6E-A686-DDC1A4F6C0A1}.Release|x64.Build.0 = Release|Any CPU
		{DE010A18-300D-4C6E-A686-DDC1A4F6C0A1}.Release|x86.ActiveCfg = Release|Any CPU
		{DE010A18-300D-4C6E-A686-DDC1A4F6C0A1}.Release|x86.Build.0 = Release|Any CPU
		{E621CEE5-4519-4B45-88F2-8A017FEE58E8}.Debug|Any CPU.ActiveCfg = Debug|Any CPU
		{E621CEE5-4519-4B45-88F2-8A017FEE58E8}.Debug|Any CPU.Build.0 = Debug|Any CPU
		{E621CEE5-4519-4B45-88F2-8A017FEE58E8}.Debug|x64.ActiveCfg = Debug|Any CPU
		{E621CEE5-4519-4B45-88F2-8A017FEE58E8}.Debug|x64.Build.0 = Debug|Any CPU
		{E621CEE5-4519-4B45-88F2-8A017FEE58E8}.Debug|x86.ActiveCfg = Debug|Any CPU
		{E621CEE5-4519-4B45-88F2-8A017FEE58E8}.Debug|x86.Build.0 = Debug|Any CPU
		{E621CEE5-4519-4B45-88F2-8A017FEE58E8}.Release|Any CPU.ActiveCfg = Release|Any CPU
		{E621CEE5-4519-4B45-88F2-8A017FEE58E8}.Release|Any CPU.Build.0 = Release|Any CPU
		{E621CEE5-4519-4B45-88F2-8A017FEE58E8}.Release|x64.ActiveCfg = Release|Any CPU
		{E621CEE5-4519-4B45-88F2-8A017FEE58E8}.Release|x64.Build.0 = Release|Any CPU
		{E621CEE5-4519-4B45-88F2-8A017FEE58E8}.Release|x86.ActiveCfg = Release|Any CPU
		{E621CEE5-4519-4B45-88F2-8A017FEE58E8}.Release|x86.Build.0 = Release|Any CPU
		{1373349F-3D59-4E8B-BDAE-29BDE19BE585}.Debug|Any CPU.ActiveCfg = Debug|Any CPU
		{1373349F-3D59-4E8B-BDAE-29BDE19BE585}.Debug|Any CPU.Build.0 = Debug|Any CPU
		{1373349F-3D59-4E8B-BDAE-29BDE19BE585}.Debug|x64.ActiveCfg = Debug|Any CPU
		{1373349F-3D59-4E8B-BDAE-29BDE19BE585}.Debug|x64.Build.0 = Debug|Any CPU
		{1373349F-3D59-4E8B-BDAE-29BDE19BE585}.Debug|x86.ActiveCfg = Debug|Any CPU
		{1373349F-3D59-4E8B-BDAE-29BDE19BE585}.Debug|x86.Build.0 = Debug|Any CPU
		{1373349F-3D59-4E8B-BDAE-29BDE19BE585}.Release|Any CPU.ActiveCfg = Release|Any CPU
		{1373349F-3D59-4E8B-BDAE-29BDE19BE585}.Release|Any CPU.Build.0 = Release|Any CPU
		{1373349F-3D59-4E8B-BDAE-29BDE19BE585}.Release|x64.ActiveCfg = Release|Any CPU
		{1373349F-3D59-4E8B-BDAE-29BDE19BE585}.Release|x64.Build.0 = Release|Any CPU
		{1373349F-3D59-4E8B-BDAE-29BDE19BE585}.Release|x86.ActiveCfg = Release|Any CPU
		{1373349F-3D59-4E8B-BDAE-29BDE19BE585}.Release|x86.Build.0 = Release|Any CPU
		{2C791334-AD9C-4A1E-8506-97A713DF2508}.Debug|Any CPU.ActiveCfg = Debug|Any CPU
		{2C791334-AD9C-4A1E-8506-97A713DF2508}.Debug|Any CPU.Build.0 = Debug|Any CPU
		{2C791334-AD9C-4A1E-8506-97A713DF2508}.Debug|x64.ActiveCfg = Debug|Any CPU
		{2C791334-AD9C-4A1E-8506-97A713DF2508}.Debug|x64.Build.0 = Debug|Any CPU
		{2C791334-AD9C-4A1E-8506-97A713DF2508}.Debug|x86.ActiveCfg = Debug|Any CPU
		{2C791334-AD9C-4A1E-8506-97A713DF2508}.Debug|x86.Build.0 = Debug|Any CPU
		{2C791334-AD9C-4A1E-8506-97A713DF2508}.Release|Any CPU.ActiveCfg = Release|Any CPU
		{2C791334-AD9C-4A1E-8506-97A713DF2508}.Release|Any CPU.Build.0 = Release|Any CPU
		{2C791334-AD9C-4A1E-8506-97A713DF2508}.Release|x64.ActiveCfg = Release|Any CPU
		{2C791334-AD9C-4A1E-8506-97A713DF2508}.Release|x64.Build.0 = Release|Any CPU
		{2C791334-AD9C-4A1E-8506-97A713DF2508}.Release|x86.ActiveCfg = Release|Any CPU
		{2C791334-AD9C-4A1E-8506-97A713DF2508}.Release|x86.Build.0 = Release|Any CPU
		{6D64DF62-1AF7-4CD6-922D-7CB49689CDF8}.Debug|Any CPU.ActiveCfg = Debug|Any CPU
		{6D64DF62-1AF7-4CD6-922D-7CB49689CDF8}.Debug|Any CPU.Build.0 = Debug|Any CPU
		{6D64DF62-1AF7-4CD6-922D-7CB49689CDF8}.Debug|x64.ActiveCfg = Debug|Any CPU
		{6D64DF62-1AF7-4CD6-922D-7CB49689CDF8}.Debug|x64.Build.0 = Debug|Any CPU
		{6D64DF62-1AF7-4CD6-922D-7CB49689CDF8}.Debug|x86.ActiveCfg = Debug|Any CPU
		{6D64DF62-1AF7-4CD6-922D-7CB49689CDF8}.Debug|x86.Build.0 = Debug|Any CPU
		{6D64DF62-1AF7-4CD6-922D-7CB49689CDF8}.Release|Any CPU.ActiveCfg = Release|Any CPU
		{6D64DF62-1AF7-4CD6-922D-7CB49689CDF8}.Release|Any CPU.Build.0 = Release|Any CPU
		{6D64DF62-1AF7-4CD6-922D-7CB49689CDF8}.Release|x64.ActiveCfg = Release|Any CPU
		{6D64DF62-1AF7-4CD6-922D-7CB49689CDF8}.Release|x64.Build.0 = Release|Any CPU
		{6D64DF62-1AF7-4CD6-922D-7CB49689CDF8}.Release|x86.ActiveCfg = Release|Any CPU
		{6D64DF62-1AF7-4CD6-922D-7CB49689CDF8}.Release|x86.Build.0 = Release|Any CPU
		{4C06C2BE-8B18-4E2E-AC84-D4E2B0157626}.Debug|Any CPU.ActiveCfg = Debug|Any CPU
		{4C06C2BE-8B18-4E2E-AC84-D4E2B0157626}.Debug|Any CPU.Build.0 = Debug|Any CPU
		{4C06C2BE-8B18-4E2E-AC84-D4E2B0157626}.Debug|x64.ActiveCfg = Debug|Any CPU
		{4C06C2BE-8B18-4E2E-AC84-D4E2B0157626}.Debug|x64.Build.0 = Debug|Any CPU
		{4C06C2BE-8B18-4E2E-AC84-D4E2B0157626}.Debug|x86.ActiveCfg = Debug|Any CPU
		{4C06C2BE-8B18-4E2E-AC84-D4E2B0157626}.Debug|x86.Build.0 = Debug|Any CPU
		{4C06C2BE-8B18-4E2E-AC84-D4E2B0157626}.Release|Any CPU.ActiveCfg = Release|Any CPU
		{4C06C2BE-8B18-4E2E-AC84-D4E2B0157626}.Release|Any CPU.Build.0 = Release|Any CPU
		{4C06C2BE-8B18-4E2E-AC84-D4E2B0157626}.Release|x64.ActiveCfg = Release|Any CPU
		{4C06C2BE-8B18-4E2E-AC84-D4E2B0157626}.Release|x64.Build.0 = Release|Any CPU
		{4C06C2BE-8B18-4E2E-AC84-D4E2B0157626}.Release|x86.ActiveCfg = Release|Any CPU
		{4C06C2BE-8B18-4E2E-AC84-D4E2B0157626}.Release|x86.Build.0 = Release|Any CPU
		{4465CA64-13B3-4A2B-AC02-9D471B9D8D8A}.Debug|Any CPU.ActiveCfg = Debug|Any CPU
		{4465CA64-13B3-4A2B-AC02-9D471B9D8D8A}.Debug|Any CPU.Build.0 = Debug|Any CPU
		{4465CA64-13B3-4A2B-AC02-9D471B9D8D8A}.Debug|x64.ActiveCfg = Debug|Any CPU
		{4465CA64-13B3-4A2B-AC02-9D471B9D8D8A}.Debug|x64.Build.0 = Debug|Any CPU
		{4465CA64-13B3-4A2B-AC02-9D471B9D8D8A}.Debug|x86.ActiveCfg = Debug|Any CPU
		{4465CA64-13B3-4A2B-AC02-9D471B9D8D8A}.Debug|x86.Build.0 = Debug|Any CPU
		{4465CA64-13B3-4A2B-AC02-9D471B9D8D8A}.Release|Any CPU.ActiveCfg = Release|Any CPU
		{4465CA64-13B3-4A2B-AC02-9D471B9D8D8A}.Release|Any CPU.Build.0 = Release|Any CPU
		{4465CA64-13B3-4A2B-AC02-9D471B9D8D8A}.Release|x64.ActiveCfg = Release|Any CPU
		{4465CA64-13B3-4A2B-AC02-9D471B9D8D8A}.Release|x64.Build.0 = Release|Any CPU
		{4465CA64-13B3-4A2B-AC02-9D471B9D8D8A}.Release|x86.ActiveCfg = Release|Any CPU
		{4465CA64-13B3-4A2B-AC02-9D471B9D8D8A}.Release|x86.Build.0 = Release|Any CPU
		{1A501CBD-5FBD-4483-8F61-BB4D0BAEEA6E}.Debug|Any CPU.ActiveCfg = Debug|Any CPU
		{1A501CBD-5FBD-4483-8F61-BB4D0BAEEA6E}.Debug|Any CPU.Build.0 = Debug|Any CPU
		{1A501CBD-5FBD-4483-8F61-BB4D0BAEEA6E}.Debug|x64.ActiveCfg = Debug|Any CPU
		{1A501CBD-5FBD-4483-8F61-BB4D0BAEEA6E}.Debug|x64.Build.0 = Debug|Any CPU
		{1A501CBD-5FBD-4483-8F61-BB4D0BAEEA6E}.Debug|x86.ActiveCfg = Debug|Any CPU
		{1A501CBD-5FBD-4483-8F61-BB4D0BAEEA6E}.Debug|x86.Build.0 = Debug|Any CPU
		{1A501CBD-5FBD-4483-8F61-BB4D0BAEEA6E}.Release|Any CPU.ActiveCfg = Release|Any CPU
		{1A501CBD-5FBD-4483-8F61-BB4D0BAEEA6E}.Release|Any CPU.Build.0 = Release|Any CPU
		{1A501CBD-5FBD-4483-8F61-BB4D0BAEEA6E}.Release|x64.ActiveCfg = Release|Any CPU
		{1A501CBD-5FBD-4483-8F61-BB4D0BAEEA6E}.Release|x64.Build.0 = Release|Any CPU
		{1A501CBD-5FBD-4483-8F61-BB4D0BAEEA6E}.Release|x86.ActiveCfg = Release|Any CPU
		{1A501CBD-5FBD-4483-8F61-BB4D0BAEEA6E}.Release|x86.Build.0 = Release|Any CPU
		{E2CF60A8-CA44-4A68-9D71-6032F81FFACD}.Debug|Any CPU.ActiveCfg = Debug|Any CPU
		{E2CF60A8-CA44-4A68-9D71-6032F81FFACD}.Debug|Any CPU.Build.0 = Debug|Any CPU
		{E2CF60A8-CA44-4A68-9D71-6032F81FFACD}.Debug|x64.ActiveCfg = Debug|Any CPU
		{E2CF60A8-CA44-4A68-9D71-6032F81FFACD}.Debug|x64.Build.0 = Debug|Any CPU
		{E2CF60A8-CA44-4A68-9D71-6032F81FFACD}.Debug|x86.ActiveCfg = Debug|Any CPU
		{E2CF60A8-CA44-4A68-9D71-6032F81FFACD}.Debug|x86.Build.0 = Debug|Any CPU
		{E2CF60A8-CA44-4A68-9D71-6032F81FFACD}.Release|Any CPU.ActiveCfg = Release|Any CPU
		{E2CF60A8-CA44-4A68-9D71-6032F81FFACD}.Release|Any CPU.Build.0 = Release|Any CPU
		{E2CF60A8-CA44-4A68-9D71-6032F81FFACD}.Release|x64.ActiveCfg = Release|Any CPU
		{E2CF60A8-CA44-4A68-9D71-6032F81FFACD}.Release|x64.Build.0 = Release|Any CPU
		{E2CF60A8-CA44-4A68-9D71-6032F81FFACD}.Release|x86.ActiveCfg = Release|Any CPU
		{E2CF60A8-CA44-4A68-9D71-6032F81FFACD}.Release|x86.Build.0 = Release|Any CPU
		{44C45A4D-BED0-40D1-8BD0-15EFABDABE5C}.Debug|Any CPU.ActiveCfg = Debug|Any CPU
		{44C45A4D-BED0-40D1-8BD0-15EFABDABE5C}.Debug|Any CPU.Build.0 = Debug|Any CPU
		{44C45A4D-BED0-40D1-8BD0-15EFABDABE5C}.Debug|x64.ActiveCfg = Debug|Any CPU
		{44C45A4D-BED0-40D1-8BD0-15EFABDABE5C}.Debug|x64.Build.0 = Debug|Any CPU
		{44C45A4D-BED0-40D1-8BD0-15EFABDABE5C}.Debug|x86.ActiveCfg = Debug|Any CPU
		{44C45A4D-BED0-40D1-8BD0-15EFABDABE5C}.Debug|x86.Build.0 = Debug|Any CPU
		{44C45A4D-BED0-40D1-8BD0-15EFABDABE5C}.Release|Any CPU.ActiveCfg = Release|Any CPU
		{44C45A4D-BED0-40D1-8BD0-15EFABDABE5C}.Release|Any CPU.Build.0 = Release|Any CPU
		{44C45A4D-BED0-40D1-8BD0-15EFABDABE5C}.Release|x64.ActiveCfg = Release|Any CPU
		{44C45A4D-BED0-40D1-8BD0-15EFABDABE5C}.Release|x64.Build.0 = Release|Any CPU
		{44C45A4D-BED0-40D1-8BD0-15EFABDABE5C}.Release|x86.ActiveCfg = Release|Any CPU
		{44C45A4D-BED0-40D1-8BD0-15EFABDABE5C}.Release|x86.Build.0 = Release|Any CPU
		{C5BAF50A-C362-4A65-AE5B-762FB1E7EA96}.Debug|Any CPU.ActiveCfg = Debug|Any CPU
		{C5BAF50A-C362-4A65-AE5B-762FB1E7EA96}.Debug|Any CPU.Build.0 = Debug|Any CPU
		{C5BAF50A-C362-4A65-AE5B-762FB1E7EA96}.Debug|x64.ActiveCfg = Debug|Any CPU
		{C5BAF50A-C362-4A65-AE5B-762FB1E7EA96}.Debug|x64.Build.0 = Debug|Any CPU
		{C5BAF50A-C362-4A65-AE5B-762FB1E7EA96}.Debug|x86.ActiveCfg = Debug|Any CPU
		{C5BAF50A-C362-4A65-AE5B-762FB1E7EA96}.Debug|x86.Build.0 = Debug|Any CPU
		{C5BAF50A-C362-4A65-AE5B-762FB1E7EA96}.Release|Any CPU.ActiveCfg = Release|Any CPU
		{C5BAF50A-C362-4A65-AE5B-762FB1E7EA96}.Release|Any CPU.Build.0 = Release|Any CPU
		{C5BAF50A-C362-4A65-AE5B-762FB1E7EA96}.Release|x64.ActiveCfg = Release|Any CPU
		{C5BAF50A-C362-4A65-AE5B-762FB1E7EA96}.Release|x64.Build.0 = Release|Any CPU
		{C5BAF50A-C362-4A65-AE5B-762FB1E7EA96}.Release|x86.ActiveCfg = Release|Any CPU
		{C5BAF50A-C362-4A65-AE5B-762FB1E7EA96}.Release|x86.Build.0 = Release|Any CPU
		{EA25E369-5F01-4C58-9653-035B7DC9E1C8}.Debug|Any CPU.ActiveCfg = Debug|Any CPU
		{EA25E369-5F01-4C58-9653-035B7DC9E1C8}.Debug|Any CPU.Build.0 = Debug|Any CPU
		{EA25E369-5F01-4C58-9653-035B7DC9E1C8}.Debug|x64.ActiveCfg = Debug|Any CPU
		{EA25E369-5F01-4C58-9653-035B7DC9E1C8}.Debug|x64.Build.0 = Debug|Any CPU
		{EA25E369-5F01-4C58-9653-035B7DC9E1C8}.Debug|x86.ActiveCfg = Debug|Any CPU
		{EA25E369-5F01-4C58-9653-035B7DC9E1C8}.Debug|x86.Build.0 = Debug|Any CPU
		{EA25E369-5F01-4C58-9653-035B7DC9E1C8}.Release|Any CPU.ActiveCfg = Release|Any CPU
		{EA25E369-5F01-4C58-9653-035B7DC9E1C8}.Release|Any CPU.Build.0 = Release|Any CPU
		{EA25E369-5F01-4C58-9653-035B7DC9E1C8}.Release|x64.ActiveCfg = Release|Any CPU
		{EA25E369-5F01-4C58-9653-035B7DC9E1C8}.Release|x64.Build.0 = Release|Any CPU
		{EA25E369-5F01-4C58-9653-035B7DC9E1C8}.Release|x86.ActiveCfg = Release|Any CPU
		{EA25E369-5F01-4C58-9653-035B7DC9E1C8}.Release|x86.Build.0 = Release|Any CPU
		{C3F9FDD5-4145-4D1C-AA2F-E46C5E3079D3}.Debug|Any CPU.ActiveCfg = Debug|Any CPU
		{C3F9FDD5-4145-4D1C-AA2F-E46C5E3079D3}.Debug|Any CPU.Build.0 = Debug|Any CPU
		{C3F9FDD5-4145-4D1C-AA2F-E46C5E3079D3}.Debug|x64.ActiveCfg = Debug|Any CPU
		{C3F9FDD5-4145-4D1C-AA2F-E46C5E3079D3}.Debug|x64.Build.0 = Debug|Any CPU
		{C3F9FDD5-4145-4D1C-AA2F-E46C5E3079D3}.Debug|x86.ActiveCfg = Debug|Any CPU
		{C3F9FDD5-4145-4D1C-AA2F-E46C5E3079D3}.Debug|x86.Build.0 = Debug|Any CPU
		{C3F9FDD5-4145-4D1C-AA2F-E46C5E3079D3}.Release|Any CPU.ActiveCfg = Release|Any CPU
		{C3F9FDD5-4145-4D1C-AA2F-E46C5E3079D3}.Release|Any CPU.Build.0 = Release|Any CPU
		{C3F9FDD5-4145-4D1C-AA2F-E46C5E3079D3}.Release|x64.ActiveCfg = Release|Any CPU
		{C3F9FDD5-4145-4D1C-AA2F-E46C5E3079D3}.Release|x64.Build.0 = Release|Any CPU
		{C3F9FDD5-4145-4D1C-AA2F-E46C5E3079D3}.Release|x86.ActiveCfg = Release|Any CPU
		{C3F9FDD5-4145-4D1C-AA2F-E46C5E3079D3}.Release|x86.Build.0 = Release|Any CPU
	EndGlobalSection
	GlobalSection(SolutionProperties) = preSolution
		HideSolutionNode = FALSE
	EndGlobalSection
	GlobalSection(NestedProjects) = preSolution
		{DE010A18-300D-4C6E-A686-DDC1A4F6C0A1} = {827E0CD3-B72D-47B6-A68D-7590B98EB39B}
		{E621CEE5-4519-4B45-88F2-8A017FEE58E8} = {827E0CD3-B72D-47B6-A68D-7590B98EB39B}
		{1373349F-3D59-4E8B-BDAE-29BDE19BE585} = {827E0CD3-B72D-47B6-A68D-7590B98EB39B}
		{2C791334-AD9C-4A1E-8506-97A713DF2508} = {827E0CD3-B72D-47B6-A68D-7590B98EB39B}
		{6D64DF62-1AF7-4CD6-922D-7CB49689CDF8} = {0AB3BF05-4346-4AA6-1389-037BE0695223}
		{4C06C2BE-8B18-4E2E-AC84-D4E2B0157626} = {0AB3BF05-4346-4AA6-1389-037BE0695223}
		{4465CA64-13B3-4A2B-AC02-9D471B9D8D8A} = {0AB3BF05-4346-4AA6-1389-037BE0695223}
		{1A501CBD-5FBD-4483-8F61-BB4D0BAEEA6E} = {0AB3BF05-4346-4AA6-1389-037BE0695223}
		{E2CF60A8-CA44-4A68-9D71-6032F81FFACD} = {07C2787E-EAC7-C090-1BA3-A61EC2A24D84}
		{44C45A4D-BED0-40D1-8BD0-15EFABDABE5C} = {0AB3BF05-4346-4AA6-1389-037BE0695223}
		{C5BAF50A-C362-4A65-AE5B-762FB1E7EA96} = {827E0CD3-B72D-47B6-A68D-7590B98EB39B}
		{EA25E369-5F01-4C58-9653-035B7DC9E1C8} = {0AB3BF05-4346-4AA6-1389-037BE0695223}
		{C3F9FDD5-4145-4D1C-AA2F-E46C5E3079D3} = {07C2787E-EAC7-C090-1BA3-A61EC2A24D84}
	EndGlobalSection
EndGlobal
