{
  "version": 1,
  "dependencies": {
    "net9.0": {
      "OTAPI.Upcoming": {
        "type": "Direct",
        "requested": "[3.3.14, )",
        "resolved": "3.3.14",
        "contentHash": "77lcG/91AT2rMrFGGiK4EqvRl6eXwOmh0MTYFZFeH8TB01zEU64dZXYv4aLkd4ZbClrcZ5B0kh6TM2AxJpgjPQ==",
        "dependencies": {
          "ModFramework": "1.1.15",
          "MonoMod": "22.7.31.1",
          "MonoMod.RuntimeDetour": "25.2.3",
          "Newtonsoft.Json": "13.0.3",
          "Steamworks.NET": "2024.8.0",
          "System.IO.Packaging": "9.0.2"
        }
      },
      "Microsoft.NETCore.Platforms": {
        "type": "Transitive",
        "resolved": "1.1.0",
        "contentHash": "kz0PEW2lhqygehI/d6XsPCQzD7ff7gUJaVGPVETX611eadGsA3A877GdSlU0LRVMCTH/+P3o2iDTak+S08V2+A=="
      },
      "Microsoft.NETCore.Targets": {
        "type": "Transitive",
        "resolved": "1.1.0",
        "contentHash": "aOZA3BWfz9RXjpzt0sRJJMjAscAUm3Hoa4UWAfceV9UTYxgwZ1lZt5nO2myFf+/jetYQo4uTP7zS8sJY67BBxg=="
      },
      "ModFramework": {
        "type": "Transitive",
        "resolved": "1.1.15",
        "contentHash": "jUKY3+6PiuVjMdgAJMeKtQ4zD/OhFaG8HaGu0nxgqkvduP8QuMHIAO5lNnvyCNgQSkaYVuDRz/J/jGI6w0QexQ==",
        "dependencies": {
          "MonoMod": "22.7.31.1",
          "NuGet.Protocol": "6.13.2"
        }
      },
      "Mono.Cecil": {
        "type": "Transitive",
        "resolved": "0.11.5",
        "contentHash": "fxfX+0JGTZ8YQeu1MYjbBiK2CYTSzDyEeIixt+yqKKTn7FW8rv7JMY70qevup4ZJfD7Kk/VG/jDzQQTpfch87g=="
      },
      "MonoMod": {
        "type": "Transitive",
        "resolved": "22.7.31.1",
        "contentHash": "NcfQBxRnQt9TkYPcyMvNRmCgfxvcqPoJbSpyZlYcG8mVtshR5CsQdwqKO5S1696gkVB50pCLSwskBWjzvsZuTg==",
        "dependencies": {
          "Mono.Cecil": "0.11.4",
          "MonoMod.Utils": "22.7.31.1",
          "System.Collections.NonGeneric": "4.3.0",
          "System.ComponentModel.TypeConverter": "4.3.0",
          "System.IO.FileSystem.Primitives": "4.3.0",
          "System.Reflection.Emit.ILGeneration": "4.7.0",
          "System.Reflection.Emit.Lightweight": "4.7.0",
          "System.Reflection.TypeExtensions": "4.7.0"
        }
      },
      "MonoMod.Backports": {
        "type": "Transitive",
        "resolved": "1.1.2",
        "contentHash": "baYlNy8n8kmaNhNvqmZ/dIPOeO1r9//dG1i2WbunMWtWZ2EKtIgmXaS+ZzphzTsikkGnoD4Jwr5g0TVdpDjgpw==",
        "dependencies": {
          "MonoMod.ILHelpers": "1.1.0"
        }
      },
      "MonoMod.Core": {
        "type": "Transitive",
        "resolved": "1.2.3",
        "contentHash": "Hl3/giQTIR7ejAR6fBwsMOy4AXsYYUVXsKbEfMCinw8aIdUJusMO9bf3mQ+1emP3gpqdfXaimQTHkg0SXI1nvg==",
        "dependencies": {
          "Mono.Cecil": "0.11.5",
          "MonoMod.Backports": "1.1.2",
          "MonoMod.ILHelpers": "1.1.0",
          "MonoMod.Utils": "25.0.8"
        }
      },
      "MonoMod.ILHelpers": {
        "type": "Transitive",
        "resolved": "1.1.0",
        "contentHash": "L2FWjhTrv7tcIxshfZ+M3OcaNr4cNw0IwiVZEgwqRnZ5QAN3+RrNJ8ZwCzwXUWyPDqooJxMcjjg8PsSYUiNBjQ=="
      },
      "MonoMod.RuntimeDetour": {
        "type": "Transitive",
        "resolved": "25.2.3",
        "contentHash": "dSGNNfpDt6MBiSy2+wtX0WoSEdNINTTqJAkv268a38XumU2efrHgLkjFUg7r2r+RKo27qNuLuXDLQnMbRJU36A==",
        "dependencies": {
          "Mono.Cecil": "0.11.5",
          "MonoMod.Backports": "1.1.2",
          "MonoMod.Core": "1.2.3",
          "MonoMod.ILHelpers": "1.1.0",
          "MonoMod.Utils": "25.0.8"
        }
      },
      "MonoMod.Utils": {
        "type": "Transitive",
        "resolved": "25.0.8",
        "contentHash": "8wfyawgvGqUvfchAj7/gPazAjXO8CWNyXH+C0az+hgJH/80zVL5LxDhQMz0NQTyoCEJWU6gNBGc7CL+G7vCbaQ==",
        "dependencies": {
          "Mono.Cecil": "0.11.5",
          "MonoMod.Backports": "1.1.2",
          "MonoMod.ILHelpers": "1.1.0"
        }
      },
      "Newtonsoft.Json": {
        "type": "Transitive",
        "resolved": "13.0.3",
        "contentHash": "HrC5BXdl00IP9zeV+0Z848QWPAoCr9P3bDEZguI+gkLcBKAOxix/tLEAAHC+UvDNPv4a2d18lOReHMOagPa+zQ=="
      },
      "NuGet.Common": {
        "type": "Transitive",
        "resolved": "6.13.2",
        "contentHash": "JnUbEq6XtyF6+mPbGx3ZjTD07SCx39EL0wZ5RCXaHkstI3J4uK9OcofTbYDmKSKEUt6CU6UaNM5kE+n1HXtL0w==",
        "dependencies": {
          "NuGet.Frameworks": "6.13.2",
          "System.Collections.Immutable": "8.0.0"
        }
      },
      "NuGet.Configuration": {
        "type": "Transitive",
        "resolved": "6.13.2",
        "contentHash": "ByqCXO43kRdG0hLt1/izvHr/eswT0k1hspTaQxAxOq02MDw1j9RGzic+8F6NJwP4FhWBKhXOEReboIcEDt+1eg==",
        "dependencies": {
          "NuGet.Common": "6.13.2",
          "System.Security.Cryptography.ProtectedData": "4.4.0"
        }
      },
      "NuGet.Frameworks": {
        "type": "Transitive",
        "resolved": "6.13.2",
        "contentHash": "SQKUf56j7IdJL//fU7fcmn234awjRA2qLvgbfs/TxmY7oJrNOxaaDxASyCbS4eJW3LCOd6ONHMZ/cPlbQh4xVg=="
      },
      "NuGet.Packaging": {
        "type": "Transitive",
        "resolved": "6.13.2",
        "contentHash": "MWpK+ORENvn39Tzff2n9AWgAEVkPenflON11CgMnzhcbGGvZGtTcGskLmKgaB/pUAxSsJ6NCrew/zQsS22kCvg==",
        "dependencies": {
          "Newtonsoft.Json": "13.0.3",
          "NuGet.Configuration": "6.13.2",
          "NuGet.Versioning": "6.13.2",
          "System.Formats.Asn1": "8.0.1",
          "System.Security.Cryptography.Pkcs": "6.0.4"
        }
      },
      "NuGet.Protocol": {
        "type": "Transitive",
        "resolved": "6.13.2",
        "contentHash": "IbU1xt4RrZ5YHOjI8D7qBH6pOBle9zaW1BmGAIsYYw6lwNNli0Q0sE5fWr+BOEoIJNQjVVWL+N7yBL2tR8BmcQ==",
        "dependencies": {
          "NuGet.Packaging": "6.13.2"
        }
      },
      "NuGet.Versioning": {
        "type": "Transitive",
        "resolved": "6.13.2",
        "contentHash": "pGYNyvCVM+Z9jITTiJiuxFC8oJXFdh2k25ZDV4tSAOSuKyAWvh1VcfJy0WZGWdI6J7Avkbl0qra7XENYFSy4Ng=="
      },
      "Steamworks.NET": {
        "type": "Transitive",
        "resolved": "2024.8.0",
        "contentHash": "FHTj80ZyT09d0XwSnhE8+e6r/hwpp1+PmQ3RZbUqlyEQCVNrWDVmdA1ElIgQgx72XGIkF947kXL53z51puGD2g=="
      },
      "System.Collections": {
        "type": "Transitive",
        "resolved": "4.3.0",
        "contentHash": "3Dcj85/TBdVpL5Zr+gEEBUuFe2icOnLalmEh9hfck1PTYbbyWuZgh4fmm2ysCLTrqLQw6t3TgTyJ+VLp+Qb+Lw==",
        "dependencies": {
          "Microsoft.NETCore.Platforms": "1.1.0",
          "Microsoft.NETCore.Targets": "1.1.0",
          "System.Runtime": "4.3.0"
        }
      },
      "System.Collections.Immutable": {
        "type": "Transitive",
        "resolved": "8.0.0",
        "contentHash": "AurL6Y5BA1WotzlEvVaIDpqzpIPvYnnldxru8oXJU2yFxFUy3+pNXjXd1ymO+RA0rq0+590Q8gaz2l3Sr7fmqg=="
      },
      "System.Collections.NonGeneric": {
        "type": "Transitive",
        "resolved": "4.3.0",
        "contentHash": "prtjIEMhGUnQq6RnPEYLpFt8AtLbp9yq2zxOSrY7KJJZrw25Fi97IzBqY7iqssbM61Ek5b8f3MG/sG1N2sN5KA==",
        "dependencies": {
          "System.Diagnostics.Debug": "4.3.0",
          "System.Globalization": "4.3.0",
          "System.Resources.ResourceManager": "4.3.0",
          "System.Runtime": "4.3.0",
          "System.Runtime.Extensions": "4.3.0",
          "System.Threading": "4.3.0"
        }
      },
      "System.Collections.Specialized": {
        "type": "Transitive",
        "resolved": "4.3.0",
        "contentHash": "Epx8PoVZR0iuOnJJDzp7pWvdfMMOAvpUo95pC4ScH2mJuXkKA2Y4aR3cG9qt2klHgSons1WFh4kcGW7cSXvrxg==",
        "dependencies": {
          "System.Collections.NonGeneric": "4.3.0",
          "System.Globalization": "4.3.0",
          "System.Globalization.Extensions": "4.3.0",
          "System.Resources.ResourceManager": "4.3.0",
          "System.Runtime": "4.3.0",
          "System.Runtime.Extensions": "4.3.0",
          "System.Threading": "4.3.0"
        }
      },
      "System.ComponentModel": {
        "type": "Transitive",
        "resolved": "4.3.0",
        "contentHash": "VyGn1jGRZVfxnh8EdvDCi71v3bMXrsu8aYJOwoV7SNDLVhiEqwP86pPMyRGsDsxhXAm2b3o9OIqeETfN5qfezw==",
        "dependencies": {
          "System.Runtime": "4.3.0"
        }
      },
      "System.ComponentModel.Primitives": {
        "type": "Transitive",
        "resolved": "4.3.0",
        "contentHash": "j8GUkCpM8V4d4vhLIIoBLGey2Z5bCkMVNjEZseyAlm4n5arcsJOeI3zkUP+zvZgzsbLTYh4lYeP/ZD/gdIAPrw==",
        "dependencies": {
          "System.ComponentModel": "4.3.0",
          "System.Resources.ResourceManager": "4.3.0",
          "System.Runtime": "4.3.0"
        }
      },
      "System.ComponentModel.TypeConverter": {
        "type": "Transitive",
        "resolved": "4.3.0",
        "contentHash": "16pQ6P+EdhcXzPiEK4kbA953Fu0MNG2ovxTZU81/qsCd1zPRsKc3uif5NgvllCY598k6bI0KUyKW8fanlfaDQg==",
        "dependencies": {
          "System.Collections": "4.3.0",
          "System.Collections.NonGeneric": "4.3.0",
          "System.Collections.Specialized": "4.3.0",
          "System.ComponentModel": "4.3.0",
          "System.ComponentModel.Primitives": "4.3.0",
          "System.Globalization": "4.3.0",
          "System.Linq": "4.3.0",
          "System.Reflection": "4.3.0",
          "System.Reflection.Extensions": "4.3.0",
          "System.Reflection.Primitives": "4.3.0",
          "System.Reflection.TypeExtensions": "4.3.0",
          "System.Resources.ResourceManager": "4.3.0",
          "System.Runtime": "4.3.0",
          "System.Runtime.Extensions": "4.3.0",
          "System.Threading": "4.3.0"
        }
      },
      "System.Diagnostics.Debug": {
        "type": "Transitive",
        "resolved": "4.3.0",
        "contentHash": "ZUhUOdqmaG5Jk3Xdb8xi5kIyQYAA4PnTNlHx1mu9ZY3qv4ELIdKbnL/akbGaKi2RnNUWaZsAs31rvzFdewTj2g==",
        "dependencies": {
          "Microsoft.NETCore.Platforms": "1.1.0",
          "Microsoft.NETCore.Targets": "1.1.0",
          "System.Runtime": "4.3.0"
        }
      },
      "System.Formats.Asn1": {
        "type": "Transitive",
        "resolved": "8.0.1",
        "contentHash": "XqKba7Mm/koKSjKMfW82olQdmfbI5yqeoLV/tidRp7fbh5rmHAQ5raDI/7SU0swTzv+jgqtUGkzmFxuUg0it1A=="
      },
      "System.Globalization": {
        "type": "Transitive",
        "resolved": "4.3.0",
        "contentHash": "kYdVd2f2PAdFGblzFswE4hkNANJBKRmsfa2X5LG2AcWE1c7/4t0pYae1L8vfZ5xvE2nK/R9JprtToA61OSHWIg==",
        "dependencies": {
          "Microsoft.NETCore.Platforms": "1.1.0",
          "Microsoft.NETCore.Targets": "1.1.0",
          "System.Runtime": "4.3.0"
        }
      },
      "System.Globalization.Extensions": {
        "type": "Transitive",
        "resolved": "4.3.0",
        "contentHash": "FhKmdR6MPG+pxow6wGtNAWdZh7noIOpdD5TwQ3CprzgIE1bBBoim0vbR1+AWsWjQmU7zXHgQo4TWSP6lCeiWcQ==",
        "dependencies": {
          "Microsoft.NETCore.Platforms": "1.1.0",
          "System.Globalization": "4.3.0",
          "System.Resources.ResourceManager": "4.3.0",
          "System.Runtime": "4.3.0",
          "System.Runtime.Extensions": "4.3.0",
          "System.Runtime.InteropServices": "4.3.0"
        }
      },
      "System.IO": {
        "type": "Transitive",
        "resolved": "4.3.0",
        "contentHash": "3qjaHvxQPDpSOYICjUoTsmoq5u6QJAFRUITgeT/4gqkF1bajbSmb1kwSxEA8AHlofqgcKJcM8udgieRNhaJ5Cg==",
        "dependencies": {
          "Microsoft.NETCore.Platforms": "1.1.0",
          "Microsoft.NETCore.Targets": "1.1.0",
          "System.Runtime": "4.3.0",
          "System.Text.Encoding": "4.3.0",
          "System.Threading.Tasks": "4.3.0"
        }
      },
      "System.IO.FileSystem.Primitives": {
        "type": "Transitive",
        "resolved": "4.3.0",
        "contentHash": "6QOb2XFLch7bEc4lIcJH49nJN2HV+OC3fHDgsLVsBVBk3Y4hFAnOBGzJ2lUu7CyDDFo9IBWkSsnbkT6IBwwiMw==",
        "dependencies": {
          "System.Runtime": "4.3.0"
        }
      },
      "System.IO.Packaging": {
        "type": "Transitive",
        "resolved": "9.0.2",
        "contentHash": "dzRtKmBz7rv9mp/45YSgnRclL7+gbRBxA9qMT5xxsTlhceMnwztuHSZZhoVdKdnw6CwwEJxocPiddnr7f9xK3Q=="
      },
      "System.Linq": {
        "type": "Transitive",
        "resolved": "4.3.0",
        "contentHash": "5DbqIUpsDp0dFftytzuMmc0oeMdQwjcP/EWxsksIz/w1TcFRkZ3yKKz0PqiYFMmEwPSWw+qNVqD7PJ889JzHbw==",
        "dependencies": {
          "System.Collections": "4.3.0",
          "System.Diagnostics.Debug": "4.3.0",
          "System.Resources.ResourceManager": "4.3.0",
          "System.Runtime": "4.3.0",
          "System.Runtime.Extensions": "4.3.0"
        }
      },
      "System.Reflection": {
        "type": "Transitive",
        "resolved": "4.3.0",
        "contentHash": "KMiAFoW7MfJGa9nDFNcfu+FpEdiHpWgTcS2HdMpDvt9saK3y/G4GwprPyzqjFH9NTaGPQeWNHU+iDlDILj96aQ==",
        "dependencies": {
          "Microsoft.NETCore.Platforms": "1.1.0",
          "Microsoft.NETCore.Targets": "1.1.0",
          "System.IO": "4.3.0",
          "System.Reflection.Primitives": "4.3.0",
          "System.Runtime": "4.3.0"
        }
      },
      "System.Reflection.Emit.ILGeneration": {
        "type": "Transitive",
        "resolved": "4.7.0",
        "contentHash": "AucBYo3DSI0IDxdUjKksBcQJXPHyoPyrCXYURW1WDsLI4M65Ar/goSHjdnHOAY9MiYDNKqDlIgaYm+zL2hA1KA=="
      },
      "System.Reflection.Emit.Lightweight": {
        "type": "Transitive",
        "resolved": "4.7.0",
        "contentHash": "a4OLB4IITxAXJeV74MDx49Oq2+PsF6Sml54XAFv+2RyWwtDBcabzoxiiJRhdhx+gaohLh4hEGCLQyBozXoQPqA=="
      },
      "System.Reflection.Extensions": {
        "type": "Transitive",
        "resolved": "4.3.0",
        "contentHash": "rJkrJD3kBI5B712aRu4DpSIiHRtr6QlfZSQsb0hYHrDCZORXCFjQfoipo2LaMUHoT9i1B7j7MnfaEKWDFmFQNQ==",
        "dependencies": {
          "Microsoft.NETCore.Platforms": "1.1.0",
          "Microsoft.NETCore.Targets": "1.1.0",
          "System.Reflection": "4.3.0",
          "System.Runtime": "4.3.0"
        }
      },
      "System.Reflection.Primitives": {
        "type": "Transitive",
        "resolved": "4.3.0",
        "contentHash": "5RXItQz5As4xN2/YUDxdpsEkMhvw3e6aNveFXUn4Hl/udNTCNhnKp8lT9fnc3MhvGKh1baak5CovpuQUXHAlIA==",
        "dependencies": {
          "Microsoft.NETCore.Platforms": "1.1.0",
          "Microsoft.NETCore.Targets": "1.1.0",
          "System.Runtime": "4.3.0"
        }
      },
      "System.Reflection.TypeExtensions": {
        "type": "Transitive",
        "resolved": "4.7.0",
        "contentHash": "VybpaOQQhqE6siHppMktjfGBw1GCwvCqiufqmP8F1nj7fTUNtW35LOEt3UZTEsECfo+ELAl/9o9nJx3U91i7vA=="
      },
      "System.Resources.ResourceManager": {
        "type": "Transitive",
        "resolved": "4.3.0",
        "contentHash": "/zrcPkkWdZmI4F92gL/TPumP98AVDu/Wxr3CSJGQQ+XN6wbRZcyfSKVoPo17ilb3iOr0cCRqJInGwNMolqhS8A==",
        "dependencies": {
          "Microsoft.NETCore.Platforms": "1.1.0",
          "Microsoft.NETCore.Targets": "1.1.0",
          "System.Globalization": "4.3.0",
          "System.Reflection": "4.3.0",
          "System.Runtime": "4.3.0"
        }
      },
      "System.Runtime": {
        "type": "Transitive",
        "resolved": "4.3.0",
        "contentHash": "JufQi0vPQ0xGnAczR13AUFglDyVYt4Kqnz1AZaiKZ5+GICq0/1MH/mO/eAJHt/mHW1zjKBJd7kV26SrxddAhiw==",
        "dependencies": {
          "Microsoft.NETCore.Platforms": "1.1.0",
          "Microsoft.NETCore.Targets": "1.1.0"
        }
      },
      "System.Runtime.Extensions": {
        "type": "Transitive",
        "resolved": "4.3.0",
        "contentHash": "guW0uK0fn5fcJJ1tJVXYd7/1h5F+pea1r7FLSOz/f8vPEqbR2ZAknuRDvTQ8PzAilDveOxNjSfr0CHfIQfFk8g==",
        "dependencies": {
          "Microsoft.NETCore.Platforms": "1.1.0",
          "Microsoft.NETCore.Targets": "1.1.0",
          "System.Runtime": "4.3.0"
        }
      },
      "System.Runtime.Handles": {
        "type": "Transitive",
        "resolved": "4.3.0",
        "contentHash": "OKiSUN7DmTWeYb3l51A7EYaeNMnvxwE249YtZz7yooT4gOZhmTjIn48KgSsw2k2lYdLgTKNJw/ZIfSElwDRVgg==",
        "dependencies": {
          "Microsoft.NETCore.Platforms": "1.1.0",
          "Microsoft.NETCore.Targets": "1.1.0",
          "System.Runtime": "4.3.0"
        }
      },
      "System.Runtime.InteropServices": {
        "type": "Transitive",
        "resolved": "4.3.0",
        "contentHash": "uv1ynXqiMK8mp1GM3jDqPCFN66eJ5w5XNomaK2XD+TuCroNTLFGeZ+WCmBMcBDyTFKou3P6cR6J/QsaqDp7fGQ==",
        "dependencies": {
          "Microsoft.NETCore.Platforms": "1.1.0",
          "Microsoft.NETCore.Targets": "1.1.0",
          "System.Reflection": "4.3.0",
          "System.Reflection.Primitives": "4.3.0",
          "System.Runtime": "4.3.0",
          "System.Runtime.Handles": "4.3.0"
        }
      },
      "System.Security.Cryptography.Pkcs": {
        "type": "Transitive",
        "resolved": "6.0.4",
        "contentHash": "LGbXi1oUJ9QgCNGXRO9ndzBL/GZgANcsURpMhNR8uO+rca47SZmciS3RSQUvlQRwK3QHZSHNOXzoMUASKA+Anw==",
        "dependencies": {
          "System.Formats.Asn1": "6.0.0"
        }
      },
      "System.Security.Cryptography.ProtectedData": {
        "type": "Transitive",
        "resolved": "4.4.0",
        "contentHash": "cJV7ScGW7EhatRsjehfvvYVBvtiSMKgN8bOVI0bQhnF5bU7vnHVIsH49Kva7i7GWaWYvmEzkYVk1TC+gZYBEog=="
      },
      "System.Text.Encoding": {
        "type": "Transitive",
        "resolved": "4.3.0",
        "contentHash": "BiIg+KWaSDOITze6jGQynxg64naAPtqGHBwDrLaCtixsa5bKiR8dpPOHA7ge3C0JJQizJE+sfkz1wV+BAKAYZw==",
        "dependencies": {
          "Microsoft.NETCore.Platforms": "1.1.0",
          "Microsoft.NETCore.Targets": "1.1.0",
          "System.Runtime": "4.3.0"
        }
      },
      "System.Threading": {
        "type": "Transitive",
        "resolved": "4.3.0",
        "contentHash": "VkUS0kOBcUf3Wwm0TSbrevDDZ6BlM+b/HRiapRFWjM5O0NS0LviG0glKmFK+hhPDd1XFeSdU1GmlLhb2CoVpIw==",
        "dependencies": {
          "System.Runtime": "4.3.0",
          "System.Threading.Tasks": "4.3.0"
        }
      },
      "System.Threading.Tasks": {
        "type": "Transitive",
        "resolved": "4.3.0",
        "contentHash": "LbSxKEdOUhVe8BezB/9uOGGppt+nZf6e1VFyw6v3DN6lqitm0OSn2uXMOdtP0M3W4iMcqcivm2J6UgqiwwnXiA==",
        "dependencies": {
          "Microsoft.NETCore.Platforms": "1.1.0",
          "Microsoft.NETCore.Targets": "1.1.0",
          "System.Runtime": "4.3.0"
        }
      }
    },
    "net9.0/win-x64": {
      "runtime.any.System.Collections": {
        "type": "Transitive",
        "resolved": "4.3.0",
        "contentHash": "23g6rqftKmovn2cLeGsuHUYm0FD7pdutb0uQMJpZ3qTvq+zHkgmt6J65VtRry4WDGYlmkMa4xDACtaQ94alNag==",
        "dependencies": {
          "System.Runtime": "4.3.0"
        }
      },
      "runtime.any.System.Globalization": {
        "type": "Transitive",
        "resolved": "4.3.0",
        "contentHash": "sMDBnad4rp4t7GY442Jux0MCUuKL4otn5BK6Ni0ARTXTSpRNBzZ7hpMfKSvnVSED5kYJm96YOWsqV0JH0d2uuw=="
      },
      "runtime.any.System.IO": {
        "type": "Transitive",
        "resolved": "4.3.0",
        "contentHash": "SDZ5AD1DtyRoxYtEcqQ3HDlcrorMYXZeCt7ZhG9US9I5Vva+gpIWDGMkcwa5XiKL0ceQKRZIX2x0XEjLX7PDzQ=="
      },
      "runtime.any.System.Reflection": {
        "type": "Transitive",
        "resolved": "4.3.0",
        "contentHash": "hLC3A3rI8jipR5d9k7+f0MgRCW6texsAp0MWkN/ci18FMtQ9KH7E2vDn/DH2LkxsszlpJpOn9qy6Z6/69rH6eQ=="
      },
      "runtime.any.System.Reflection.Extensions": {
        "type": "Transitive",
        "resolved": "4.3.0",
        "contentHash": "cPhT+Vqu52+cQQrDai/V91gubXUnDKNRvlBnH+hOgtGyHdC17aQIU64EaehwAQymd7kJA5rSrVRNfDYrbhnzyA=="
      },
      "runtime.any.System.Reflection.Primitives": {
        "type": "Transitive",
        "resolved": "4.3.0",
        "contentHash": "Nrm1p3armp6TTf2xuvaa+jGTTmncALWFq22CpmwRvhDf6dE9ZmH40EbOswD4GnFLrMRS0Ki6Kx5aUPmKK/hZBg=="
      },
      "runtime.any.System.Resources.ResourceManager": {
        "type": "Transitive",
        "resolved": "4.3.0",
        "contentHash": "Lxb89SMvf8w9p9+keBLyL6H6x/TEmc6QVsIIA0T36IuyOY3kNvIdyGddA2qt35cRamzxF8K5p0Opq4G4HjNbhQ=="
      },
      "runtime.any.System.Runtime": {
        "type": "Transitive",
        "resolved": "4.3.0",
        "contentHash": "fRS7zJgaG9NkifaAxGGclDDoRn9HC7hXACl52Or06a/fxdzDajWb5wov3c6a+gVSlekRoexfjwQSK9sh5um5LQ==",
        "dependencies": {
          "System.Private.Uri": "4.3.0"
        }
      },
      "runtime.any.System.Runtime.Handles": {
        "type": "Transitive",
        "resolved": "4.3.0",
        "contentHash": "GG84X6vufoEzqx8PbeBKheE4srOhimv+yLtGb/JkR3Y2FmoqmueLNFU4Xx8Y67plFpltQSdK74x0qlEhIpv/CQ=="
      },
      "runtime.any.System.Runtime.InteropServices": {
        "type": "Transitive",
        "resolved": "4.3.0",
        "contentHash": "lBoFeQfxe/4eqjPi46E0LU/YaCMdNkQ8B4MZu/mkzdIAZh8RQ1NYZSj0egrQKdgdvlPFtP4STtob40r4o2DBAw=="
      },
      "runtime.any.System.Text.Encoding": {
        "type": "Transitive",
        "resolved": "4.3.0",
        "contentHash": "+ihI5VaXFCMVPJNstG4O4eo1CfbrByLxRrQQTqOTp1ttK0kUKDqOdBSTaCB2IBk/QtjDrs6+x4xuezyMXdm0HQ=="
      },
      "runtime.any.System.Threading.Tasks": {
        "type": "Transitive",
        "resolved": "4.3.0",
        "contentHash": "OhBAVBQG5kFj1S+hCEQ3TUHBAEtZ3fbEMgZMRNdN8A0Pj4x+5nTELEqL59DU0TjKVE6II3dqKw4Dklb3szT65w=="
      },
      "runtime.win.System.Diagnostics.Debug": {
        "type": "Transitive",
        "resolved": "4.3.0",
        "contentHash": "hHHP0WCStene2jjeYcuDkETozUYF/3sHVRHAEOgS3L15hlip24ssqCTnJC28Z03Wpo078oMcJd0H4egD2aJI8g=="
      },
      "runtime.win.System.Runtime.Extensions": {
        "type": "Transitive",
        "resolved": "4.3.0",
        "contentHash": "RkgHVhUPvzZxuUubiZe8yr/6CypRVXj0VBzaR8hsqQ8f+rUo7e4PWrHTLOCjd8fBMGWCrY//fi7Ku3qXD7oHRw==",
        "dependencies": {
          "System.Private.Uri": "4.3.0"
        }
      },
      "Steamworks.NET": {
        "type": "Transitive",
        "resolved": "2024.8.0",
        "contentHash": "FHTj80ZyT09d0XwSnhE8+e6r/hwpp1+PmQ3RZbUqlyEQCVNrWDVmdA1ElIgQgx72XGIkF947kXL53z51puGD2g=="
      },
      "System.Collections": {
        "type": "Transitive",
        "resolved": "4.3.0",
        "contentHash": "3Dcj85/TBdVpL5Zr+gEEBUuFe2icOnLalmEh9hfck1PTYbbyWuZgh4fmm2ysCLTrqLQw6t3TgTyJ+VLp+Qb+Lw==",
        "dependencies": {
          "Microsoft.NETCore.Platforms": "1.1.0",
          "Microsoft.NETCore.Targets": "1.1.0",
          "System.Runtime": "4.3.0",
          "runtime.any.System.Collections": "4.3.0"
        }
      },
      "System.Diagnostics.Debug": {
        "type": "Transitive",
        "resolved": "4.3.0",
        "contentHash": "ZUhUOdqmaG5Jk3Xdb8xi5kIyQYAA4PnTNlHx1mu9ZY3qv4ELIdKbnL/akbGaKi2RnNUWaZsAs31rvzFdewTj2g==",
        "dependencies": {
          "Microsoft.NETCore.Platforms": "1.1.0",
          "Microsoft.NETCore.Targets": "1.1.0",
          "System.Runtime": "4.3.0",
          "runtime.win.System.Diagnostics.Debug": "4.3.0"
        }
      },
      "System.Globalization": {
        "type": "Transitive",
        "resolved": "4.3.0",
        "contentHash": "kYdVd2f2PAdFGblzFswE4hkNANJBKRmsfa2X5LG2AcWE1c7/4t0pYae1L8vfZ5xvE2nK/R9JprtToA61OSHWIg==",
        "dependencies": {
          "Microsoft.NETCore.Platforms": "1.1.0",
          "Microsoft.NETCore.Targets": "1.1.0",
          "System.Runtime": "4.3.0",
          "runtime.any.System.Globalization": "4.3.0"
        }
      },
      "System.Globalization.Extensions": {
        "type": "Transitive",
        "resolved": "4.3.0",
        "contentHash": "FhKmdR6MPG+pxow6wGtNAWdZh7noIOpdD5TwQ3CprzgIE1bBBoim0vbR1+AWsWjQmU7zXHgQo4TWSP6lCeiWcQ==",
        "dependencies": {
          "Microsoft.NETCore.Platforms": "1.1.0",
          "System.Globalization": "4.3.0",
          "System.Resources.ResourceManager": "4.3.0",
          "System.Runtime": "4.3.0",
          "System.Runtime.Extensions": "4.3.0",
          "System.Runtime.InteropServices": "4.3.0"
        }
      },
      "System.IO": {
        "type": "Transitive",
        "resolved": "4.3.0",
        "contentHash": "3qjaHvxQPDpSOYICjUoTsmoq5u6QJAFRUITgeT/4gqkF1bajbSmb1kwSxEA8AHlofqgcKJcM8udgieRNhaJ5Cg==",
        "dependencies": {
          "Microsoft.NETCore.Platforms": "1.1.0",
          "Microsoft.NETCore.Targets": "1.1.0",
          "System.Runtime": "4.3.0",
          "System.Text.Encoding": "4.3.0",
          "System.Threading.Tasks": "4.3.0",
          "runtime.any.System.IO": "4.3.0"
        }
      },
      "System.Private.Uri": {
        "type": "Transitive",
        "resolved": "4.3.0",
        "contentHash": "I4SwANiUGho1esj4V4oSlPllXjzCZDE+5XXso2P03LW2vOda2Enzh8DWOxwN6hnrJyp314c7KuVu31QYhRzOGg==",
        "dependencies": {
          "Microsoft.NETCore.Platforms": "1.1.0",
          "Microsoft.NETCore.Targets": "1.1.0"
        }
      },
      "System.Reflection": {
        "type": "Transitive",
        "resolved": "4.3.0",
        "contentHash": "KMiAFoW7MfJGa9nDFNcfu+FpEdiHpWgTcS2HdMpDvt9saK3y/G4GwprPyzqjFH9NTaGPQeWNHU+iDlDILj96aQ==",
        "dependencies": {
          "Microsoft.NETCore.Platforms": "1.1.0",
          "Microsoft.NETCore.Targets": "1.1.0",
          "System.IO": "4.3.0",
          "System.Reflection.Primitives": "4.3.0",
          "System.Runtime": "4.3.0",
          "runtime.any.System.Reflection": "4.3.0"
        }
      },
      "System.Reflection.Extensions": {
        "type": "Transitive",
        "resolved": "4.3.0",
        "contentHash": "rJkrJD3kBI5B712aRu4DpSIiHRtr6QlfZSQsb0hYHrDCZORXCFjQfoipo2LaMUHoT9i1B7j7MnfaEKWDFmFQNQ==",
        "dependencies": {
          "Microsoft.NETCore.Platforms": "1.1.0",
          "Microsoft.NETCore.Targets": "1.1.0",
          "System.Reflection": "4.3.0",
          "System.Runtime": "4.3.0",
          "runtime.any.System.Reflection.Extensions": "4.3.0"
        }
      },
      "System.Reflection.Primitives": {
        "type": "Transitive",
        "resolved": "4.3.0",
        "contentHash": "5RXItQz5As4xN2/YUDxdpsEkMhvw3e6aNveFXUn4Hl/udNTCNhnKp8lT9fnc3MhvGKh1baak5CovpuQUXHAlIA==",
        "dependencies": {
          "Microsoft.NETCore.Platforms": "1.1.0",
          "Microsoft.NETCore.Targets": "1.1.0",
          "System.Runtime": "4.3.0",
          "runtime.any.System.Reflection.Primitives": "4.3.0"
        }
      },
      "System.Resources.ResourceManager": {
        "type": "Transitive",
        "resolved": "4.3.0",
        "contentHash": "/zrcPkkWdZmI4F92gL/TPumP98AVDu/Wxr3CSJGQQ+XN6wbRZcyfSKVoPo17ilb3iOr0cCRqJInGwNMolqhS8A==",
        "dependencies": {
          "Microsoft.NETCore.Platforms": "1.1.0",
          "Microsoft.NETCore.Targets": "1.1.0",
          "System.Globalization": "4.3.0",
          "System.Reflection": "4.3.0",
          "System.Runtime": "4.3.0",
          "runtime.any.System.Resources.ResourceManager": "4.3.0"
        }
      },
      "System.Runtime": {
        "type": "Transitive",
        "resolved": "4.3.0",
        "contentHash": "JufQi0vPQ0xGnAczR13AUFglDyVYt4Kqnz1AZaiKZ5+GICq0/1MH/mO/eAJHt/mHW1zjKBJd7kV26SrxddAhiw==",
        "dependencies": {
          "Microsoft.NETCore.Platforms": "1.1.0",
          "Microsoft.NETCore.Targets": "1.1.0",
          "runtime.any.System.Runtime": "4.3.0"
        }
      },
      "System.Runtime.Extensions": {
        "type": "Transitive",
        "resolved": "4.3.0",
        "contentHash": "guW0uK0fn5fcJJ1tJVXYd7/1h5F+pea1r7FLSOz/f8vPEqbR2ZAknuRDvTQ8PzAilDveOxNjSfr0CHfIQfFk8g==",
        "dependencies": {
          "Microsoft.NETCore.Platforms": "1.1.0",
          "Microsoft.NETCore.Targets": "1.1.0",
          "System.Runtime": "4.3.0",
          "runtime.win.System.Runtime.Extensions": "4.3.0"
        }
      },
      "System.Runtime.Handles": {
        "type": "Transitive",
        "resolved": "4.3.0",
        "contentHash": "OKiSUN7DmTWeYb3l51A7EYaeNMnvxwE249YtZz7yooT4gOZhmTjIn48KgSsw2k2lYdLgTKNJw/ZIfSElwDRVgg==",
        "dependencies": {
          "Microsoft.NETCore.Platforms": "1.1.0",
          "Microsoft.NETCore.Targets": "1.1.0",
          "System.Runtime": "4.3.0",
          "runtime.any.System.Runtime.Handles": "4.3.0"
        }
      },
      "System.Runtime.InteropServices": {
        "type": "Transitive",
        "resolved": "4.3.0",
        "contentHash": "uv1ynXqiMK8mp1GM3jDqPCFN66eJ5w5XNomaK2XD+TuCroNTLFGeZ+WCmBMcBDyTFKou3P6cR6J/QsaqDp7fGQ==",
        "dependencies": {
          "Microsoft.NETCore.Platforms": "1.1.0",
          "Microsoft.NETCore.Targets": "1.1.0",
          "System.Reflection": "4.3.0",
          "System.Reflection.Primitives": "4.3.0",
          "System.Runtime": "4.3.0",
          "System.Runtime.Handles": "4.3.0",
          "runtime.any.System.Runtime.InteropServices": "4.3.0"
        }
      },
      "System.Security.Cryptography.Pkcs": {
        "type": "Transitive",
        "resolved": "6.0.4",
        "contentHash": "LGbXi1oUJ9QgCNGXRO9ndzBL/GZgANcsURpMhNR8uO+rca47SZmciS3RSQUvlQRwK3QHZSHNOXzoMUASKA+Anw==",
        "dependencies": {
          "System.Formats.Asn1": "6.0.0"
        }
      },
      "System.Security.Cryptography.ProtectedData": {
        "type": "Transitive",
        "resolved": "4.4.0",
        "contentHash": "cJV7ScGW7EhatRsjehfvvYVBvtiSMKgN8bOVI0bQhnF5bU7vnHVIsH49Kva7i7GWaWYvmEzkYVk1TC+gZYBEog=="
      },
      "System.Text.Encoding": {
        "type": "Transitive",
        "resolved": "4.3.0",
        "contentHash": "BiIg+KWaSDOITze6jGQynxg64naAPtqGHBwDrLaCtixsa5bKiR8dpPOHA7ge3C0JJQizJE+sfkz1wV+BAKAYZw==",
        "dependencies": {
          "Microsoft.NETCore.Platforms": "1.1.0",
          "Microsoft.NETCore.Targets": "1.1.0",
          "System.Runtime": "4.3.0",
          "runtime.any.System.Text.Encoding": "4.3.0"
        }
      },
      "System.Threading.Tasks": {
        "type": "Transitive",
        "resolved": "4.3.0",
        "contentHash": "LbSxKEdOUhVe8BezB/9uOGGppt+nZf6e1VFyw6v3DN6lqitm0OSn2uXMOdtP0M3W4iMcqcivm2J6UgqiwwnXiA==",
        "dependencies": {
          "Microsoft.NETCore.Platforms": "1.1.0",
          "Microsoft.NETCore.Targets": "1.1.0",
          "System.Runtime": "4.3.0",
          "runtime.any.System.Threading.Tasks": "4.3.0"
        }
      }
    }
  }
}